// !$*UTF8*$!
{
	archiveVersion = 1;
	classes = {
	};
	objectVersion = 56;
	objects = {

/* Begin PBXBuildFile section */
		C76CDFAE2B2A77F800523216 /* datadog_monitorApp.swift in Sources */ = {isa = PBXBuildFile; fileRef = C76CDFAD2B2A77F800523216 /* datadog_monitorApp.swift */; };
		C76CDFB02B2A77F800523216 /* ContentView.swift in Sources */ = {isa = PBXBuildFile; fileRef = C76CDFAF2B2A77F800523216 /* ContentView.swift */; };
		C76CDFB22B2A77FA00523216 /* Assets.xcassets in Resources */ = {isa = PBXBuildFile; fileRef = C76CDFB12B2A77FA00523216 /* Assets.xcassets */; };
		C76CDFB52B2A77FA00523216 /* Preview Assets.xcassets in Resources */ = {isa = PBXBuildFile; fileRef = C76CDFB42B2A77FA00523216 /* Preview Assets.xcassets */; };
		C76CDFBE2B2A7B1B00523216 /* Monitor.swift in Sources */ = {isa = PBXBuildFile; fileRef = C76CDFBD2B2A7B1B00523216 /* Monitor.swift */; };
		C76CDFC12B2A7C1500523216 /* Webservice.swift in Sources */ = {isa = PBXBuildFile; fileRef = C76CDFC02B2A7C1500523216 /* Webservice.swift */; };
		C76CDFC42B2CC2B400523216 /* MonitorlistViewModel.swift in Sources */ = {isa = PBXBuildFile; fileRef = C76CDFC32B2CC2B400523216 /* MonitorlistViewModel.swift */; };
		C76CDFC72B2CC31500523216 /* AppSettings.swift in Sources */ = {isa = PBXBuildFile; fileRef = C76CDFC62B2CC31500523216 /* AppSettings.swift */; };
		C76CDFCE2B2E0A0400523216 /* SettingsView.swift in Sources */ = {isa = PBXBuildFile; fileRef = C76CDFCD2B2E0A0400523216 /* SettingsView.swift */; };
		C76CDFD02B2FAC3400523216 /* IconView.swift in Sources */ = {isa = PBXBuildFile; fileRef = C76CDFCF2B2FAC3400523216 /* IconView.swift */; };
		C76CDFD22B2FB9CF00523216 /* monitorJob.swift in Sources */ = {isa = PBXBuildFile; fileRef = C76CDFD12B2FB9CF00523216 /* monitorJob.swift */; };
/* End PBXBuildFile section */

/* Begin PBXFileReference section */
		C76CDFAA2B2A77F800523216 /* datadog-monitor.app */ = {isa = PBXFileReference; explicitFileType = wrapper.application; includeInIndex = 0; path = "datadog-monitor.app"; sourceTree = BUILT_PRODUCTS_DIR; };
		C76CDFAD2B2A77F800523216 /* datadog_monitorApp.swift */ = {isa = PBXFileReference; lastKnownFileType = sourcecode.swift; path = datadog_monitorApp.swift; sourceTree = "<group>"; };
		C76CDFAF2B2A77F800523216 /* ContentView.swift */ = {isa = PBXFileReference; lastKnownFileType = sourcecode.swift; path = ContentView.swift; sourceTree = "<group>"; };
		C76CDFB12B2A77FA00523216 /* Assets.xcassets */ = {isa = PBXFileReference; lastKnownFileType = folder.assetcatalog; path = Assets.xcassets; sourceTree = "<group>"; };
		C76CDFB42B2A77FA00523216 /* Preview Assets.xcassets */ = {isa = PBXFileReference; lastKnownFileType = folder.assetcatalog; path = "Preview Assets.xcassets"; sourceTree = "<group>"; };
		C76CDFB62B2A77FA00523216 /* datadog_monitor.entitlements */ = {isa = PBXFileReference; lastKnownFileType = text.plist.entitlements; path = datadog_monitor.entitlements; sourceTree = "<group>"; };
		C76CDFBD2B2A7B1B00523216 /* Monitor.swift */ = {isa = PBXFileReference; lastKnownFileType = sourcecode.swift; path = Monitor.swift; sourceTree = "<group>"; };
		C76CDFC02B2A7C1500523216 /* Webservice.swift */ = {isa = PBXFileReference; lastKnownFileType = sourcecode.swift; path = Webservice.swift; sourceTree = "<group>"; };
		C76CDFC32B2CC2B400523216 /* MonitorlistViewModel.swift */ = {isa = PBXFileReference; lastKnownFileType = sourcecode.swift; path = MonitorlistViewModel.swift; sourceTree = "<group>"; };
		C76CDFC62B2CC31500523216 /* AppSettings.swift */ = {isa = PBXFileReference; lastKnownFileType = sourcecode.swift; path = AppSettings.swift; sourceTree = "<group>"; };
		C76CDFCD2B2E0A0400523216 /* SettingsView.swift */ = {isa = PBXFileReference; lastKnownFileType = sourcecode.swift; path = SettingsView.swift; sourceTree = "<group>"; };
		C76CDFCF2B2FAC3400523216 /* IconView.swift */ = {isa = PBXFileReference; lastKnownFileType = sourcecode.swift; path = IconView.swift; sourceTree = "<group>"; };
		C76CDFD12B2FB9CF00523216 /* monitorJob.swift */ = {isa = PBXFileReference; lastKnownFileType = sourcecode.swift; path = monitorJob.swift; sourceTree = "<group>"; };
/* End PBXFileReference section */

/* Begin PBXFrameworksBuildPhase section */
		C76CDFA72B2A77F800523216 /* Frameworks */ = {
			isa = PBXFrameworksBuildPhase;
			buildActionMask = 2147483647;
			files = (
			);
			runOnlyForDeploymentPostprocessing = 0;
		};
/* End PBXFrameworksBuildPhase section */

/* Begin PBXGroup section */
		C76CDFA12B2A77F800523216 = {
			isa = PBXGroup;
			children = (
				C76CDFAC2B2A77F800523216 /* datadog-monitor */,
				C76CDFAB2B2A77F800523216 /* Products */,
			);
			sourceTree = "<group>";
		};
		C76CDFAB2B2A77F800523216 /* Products */ = {
			isa = PBXGroup;
			children = (
				C76CDFAA2B2A77F800523216 /* datadog-monitor.app */,
			);
			name = Products;
			sourceTree = "<group>";
		};
		C76CDFAC2B2A77F800523216 /* datadog-monitor */ = {
			isa = PBXGroup;
			children = (
				C76CDFC52B2CC2F000523216 /* Utils */,
				C76CDFC22B2CC27200523216 /* ViewModels */,
				C76CDFBF2B2A7BF600523216 /* Services */,
				C76CDFBC2B2A7ACF00523216 /* Models */,
				C76CDFAD2B2A77F800523216 /* datadog_monitorApp.swift */,
				C76CDFAF2B2A77F800523216 /* ContentView.swift */,
				C76CDFB12B2A77FA00523216 /* Assets.xcassets */,
				C76CDFB62B2A77FA00523216 /* datadog_monitor.entitlements */,
				C76CDFB32B2A77FA00523216 /* Preview Content */,
				C76CDFCD2B2E0A0400523216 /* SettingsView.swift */,
				C76CDFCF2B2FAC3400523216 /* IconView.swift */,
			);
			path = "datadog-monitor";
			sourceTree = "<group>";
		};
		C76CDFB32B2A77FA00523216 /* Preview Content */ = {
			isa = PBXGroup;
			children = (
				C76CDFB42B2A77FA00523216 /* Preview Assets.xcassets */,
			);
			path = "Preview Content";
			sourceTree = "<group>";
		};
		C76CDFBC2B2A7ACF00523216 /* Models */ = {
			isa = PBXGroup;
			children = (
				C76CDFBD2B2A7B1B00523216 /* Monitor.swift */,
			);
			path = Models;
			sourceTree = "<group>";
		};
		C76CDFBF2B2A7BF600523216 /* Services */ = {
			isa = PBXGroup;
			children = (
				C76CDFC02B2A7C1500523216 /* Webservice.swift */,
				C76CDFD12B2FB9CF00523216 /* monitorJob.swift */,
			);
			path = Services;
			sourceTree = "<group>";
		};
		C76CDFC22B2CC27200523216 /* ViewModels */ = {
			isa = PBXGroup;
			children = (
				C76CDFC32B2CC2B400523216 /* MonitorlistViewModel.swift */,
			);
			path = ViewModels;
			sourceTree = "<group>";
		};
		C76CDFC52B2CC2F000523216 /* Utils */ = {
			isa = PBXGroup;
			children = (
				C76CDFC62B2CC31500523216 /* AppSettings.swift */,
			);
			path = Utils;
			sourceTree = "<group>";
		};
/* End PBXGroup section */

/* Begin PBXNativeTarget section */
		C76CDFA92B2A77F800523216 /* datadog-monitor */ = {
			isa = PBXNativeTarget;
			buildConfigurationList = C76CDFB92B2A77FA00523216 /* Build configuration list for PBXNativeTarget "datadog-monitor" */;
			buildPhases = (
				C76CDFA62B2A77F800523216 /* Sources */,
				C76CDFA72B2A77F800523216 /* Frameworks */,
				C76CDFA82B2A77F800523216 /* Resources */,
			);
			buildRules = (
			);
			dependencies = (
			);
			name = "datadog-monitor";
			productName = "datadog-monitor";
			productReference = C76CDFAA2B2A77F800523216 /* datadog-monitor.app */;
			productType = "com.apple.product-type.application";
		};
/* End PBXNativeTarget section */

/* Begin PBXProject section */
		C76CDFA22B2A77F800523216 /* Project object */ = {
			isa = PBXProject;
			attributes = {
				BuildIndependentTargetsInParallel = 1;
				LastSwiftUpdateCheck = 1510;
				LastUpgradeCheck = 1510;
				TargetAttributes = {
					C76CDFA92B2A77F800523216 = {
						CreatedOnToolsVersion = 15.1;
					};
				};
			};
			buildConfigurationList = C76CDFA52B2A77F800523216 /* Build configuration list for PBXProject "datadog-monitor" */;
			compatibilityVersion = "Xcode 14.0";
			developmentRegion = en;
			hasScannedForEncodings = 0;
			knownRegions = (
				en,
				Base,
			);
			mainGroup = C76CDFA12B2A77F800523216;
			productRefGroup = C76CDFAB2B2A77F800523216 /* Products */;
			projectDirPath = "";
			projectRoot = "";
			targets = (
				C76CDFA92B2A77F800523216 /* datadog-monitor */,
			);
		};
/* End PBXProject section */

/* Begin PBXResourcesBuildPhase section */
		C76CDFA82B2A77F800523216 /* Resources */ = {
			isa = PBXResourcesBuildPhase;
			buildActionMask = 2147483647;
			files = (
				C76CDFB52B2A77FA00523216 /* Preview Assets.xcassets in Resources */,
				C76CDFB22B2A77FA00523216 /* Assets.xcassets in Resources */,
			);
			runOnlyForDeploymentPostprocessing = 0;
		};
/* End PBXResourcesBuildPhase section */

/* Begin PBXSourcesBuildPhase section */
		C76CDFA62B2A77F800523216 /* Sources */ = {
			isa = PBXSourcesBuildPhase;
			buildActionMask = 2147483647;
			files = (
				C76CDFCE2B2E0A0400523216 /* SettingsView.swift in Sources */,
				C76CDFD22B2FB9CF00523216 /* monitorJob.swift in Sources */,
				C76CDFB02B2A77F800523216 /* ContentView.swift in Sources */,
				C76CDFBE2B2A7B1B00523216 /* Monitor.swift in Sources */,
				C76CDFC12B2A7C1500523216 /* Webservice.swift in Sources */,
				C76CDFAE2B2A77F800523216 /* datadog_monitorApp.swift in Sources */,
				C76CDFD02B2FAC3400523216 /* IconView.swift in Sources */,
				C76CDFC42B2CC2B400523216 /* MonitorlistViewModel.swift in Sources */,
				C76CDFC72B2CC31500523216 /* AppSettings.swift in Sources */,
			);
			runOnlyForDeploymentPostprocessing = 0;
		};
/* End PBXSourcesBuildPhase section */

/* Begin XCBuildConfiguration section */
		C76CDFB72B2A77FA00523216 /* Debug */ = {
			isa = XCBuildConfiguration;
			buildSettings = {
				ALWAYS_SEARCH_USER_PATHS = NO;
				ASSETCATALOG_COMPILER_GENERATE_SWIFT_ASSET_SYMBOL_EXTENSIONS = YES;
				CLANG_ANALYZER_NONNULL = YES;
				CLANG_ANALYZER_NUMBER_OBJECT_CONVERSION = YES_AGGRESSIVE;
				CLANG_CXX_LANGUAGE_STANDARD = "gnu++20";
				CLANG_ENABLE_MODULES = YES;
				CLANG_ENABLE_OBJC_ARC = YES;
				CLANG_ENABLE_OBJC_WEAK = YES;
				CLANG_WARN_BLOCK_CAPTURE_AUTORELEASING = YES;
				CLANG_WARN_BOOL_CONVERSION = YES;
				CLANG_WARN_COMMA = YES;
				CLANG_WARN_CONSTANT_CONVERSION = YES;
				CLANG_WARN_DEPRECATED_OBJC_IMPLEMENTATIONS = YES;
				CLANG_WARN_DIRECT_OBJC_ISA_USAGE = YES_ERROR;
				CLANG_WARN_DOCUMENTATION_COMMENTS = YES;
				CLANG_WARN_EMPTY_BODY = YES;
				CLANG_WARN_ENUM_CONVERSION = YES;
				CLANG_WARN_INFINITE_RECURSION = YES;
				CLANG_WARN_INT_CONVERSION = YES;
				CLANG_WARN_NON_LITERAL_NULL_CONVERSION = YES;
				CLANG_WARN_OBJC_IMPLICIT_RETAIN_SELF = YES;
				CLANG_WARN_OBJC_LITERAL_CONVERSION = YES;
				CLANG_WARN_OBJC_ROOT_CLASS = YES_ERROR;
				CLANG_WARN_QUOTED_INCLUDE_IN_FRAMEWORK_HEADER = YES;
				CLANG_WARN_RANGE_LOOP_ANALYSIS = YES;
				CLANG_WARN_STRICT_PROTOTYPES = YES;
				CLANG_WARN_SUSPICIOUS_MOVE = YES;
				CLANG_WARN_UNGUARDED_AVAILABILITY = YES_AGGRESSIVE;
				CLANG_WARN_UNREACHABLE_CODE = YES;
				CLANG_WARN__DUPLICATE_METHOD_MATCH = YES;
				COPY_PHASE_STRIP = NO;
				DEBUG_INFORMATION_FORMAT = dwarf;
				ENABLE_STRICT_OBJC_MSGSEND = YES;
				ENABLE_TESTABILITY = YES;
				ENABLE_USER_SCRIPT_SANDBOXING = YES;
				GCC_C_LANGUAGE_STANDARD = gnu17;
				GCC_DYNAMIC_NO_PIC = NO;
				GCC_NO_COMMON_BLOCKS = YES;
				GCC_OPTIMIZATION_LEVEL = 0;
				GCC_PREPROCESSOR_DEFINITIONS = (
					"DEBUG=1",
					"$(inherited)",
				);
				GCC_WARN_64_TO_32_BIT_CONVERSION = YES;
				GCC_WARN_ABOUT_RETURN_TYPE = YES_ERROR;
				GCC_WARN_UNDECLARED_SELECTOR = YES;
				GCC_WARN_UNINITIALIZED_AUTOS = YES_AGGRESSIVE;
				GCC_WARN_UNUSED_FUNCTION = YES;
				GCC_WARN_UNUSED_VARIABLE = YES;
				LOCALIZATION_PREFERS_STRING_CATALOGS = YES;
				MACOSX_DEPLOYMENT_TARGET = 14.1;
				MTL_ENABLE_DEBUG_INFO = INCLUDE_SOURCE;
				MTL_FAST_MATH = YES;
				ONLY_ACTIVE_ARCH = YES;
				SDKROOT = macosx;
				SWIFT_ACTIVE_COMPILATION_CONDITIONS = "DEBUG $(inherited)";
				SWIFT_OPTIMIZATION_LEVEL = "-Onone";
			};
			name = Debug;
		};
		C76CDFB82B2A77FA00523216 /* Release */ = {
			isa = XCBuildConfiguration;
			buildSettings = {
				ALWAYS_SEARCH_USER_PATHS = NO;
				ASSETCATALOG_COMPILER_GENERATE_SWIFT_ASSET_SYMBOL_EXTENSIONS = YES;
				CLANG_ANALYZER_NONNULL = YES;
				CLANG_ANALYZER_NUMBER_OBJECT_CONVERSION = YES_AGGRESSIVE;
				CLANG_CXX_LANGUAGE_STANDARD = "gnu++20";
				CLANG_ENABLE_MODULES = YES;
				CLANG_ENABLE_OBJC_ARC = YES;
				CLANG_ENABLE_OBJC_WEAK = YES;
				CLANG_WARN_BLOCK_CAPTURE_AUTORELEASING = YES;
				CLANG_WARN_BOOL_CONVERSION = YES;
				CLANG_WARN_COMMA = YES;
				CLANG_WARN_CONSTANT_CONVERSION = YES;
				CLANG_WARN_DEPRECATED_OBJC_IMPLEMENTATIONS = YES;
				CLANG_WARN_DIRECT_OBJC_ISA_USAGE = YES_ERROR;
				CLANG_WARN_DOCUMENTATION_COMMENTS = YES;
				CLANG_WARN_EMPTY_BODY = YES;
				CLANG_WARN_ENUM_CONVERSION = YES;
				CLANG_WARN_INFINITE_RECURSION = YES;
				CLANG_WARN_INT_CONVERSION = YES;
				CLANG_WARN_NON_LITERAL_NULL_CONVERSION = YES;
				CLANG_WARN_OBJC_IMPLICIT_RETAIN_SELF = YES;
				CLANG_WARN_OBJC_LITERAL_CONVERSION = YES;
				CLANG_WARN_OBJC_ROOT_CLASS = YES_ERROR;
				CLANG_WARN_QUOTED_INCLUDE_IN_FRAMEWORK_HEADER = YES;
				CLANG_WARN_RANGE_LOOP_ANALYSIS = YES;
				CLANG_WARN_STRICT_PROTOTYPES = YES;
				CLANG_WARN_SUSPICIOUS_MOVE = YES;
				CLANG_WARN_UNGUARDED_AVAILABILITY = YES_AGGRESSIVE;
				CLANG_WARN_UNREACHABLE_CODE = YES;
				CLANG_WARN__DUPLICATE_METHOD_MATCH = YES;
				COPY_PHASE_STRIP = NO;
				DEBUG_INFORMATION_FORMAT = "dwarf-with-dsym";
				ENABLE_NS_ASSERTIONS = NO;
				ENABLE_STRICT_OBJC_MSGSEND = YES;
				ENABLE_USER_SCRIPT_SANDBOXING = YES;
				GCC_C_LANGUAGE_STANDARD = gnu17;
				GCC_NO_COMMON_BLOCKS = YES;
				GCC_WARN_64_TO_32_BIT_CONVERSION = YES;
				GCC_WARN_ABOUT_RETURN_TYPE = YES_ERROR;
				GCC_WARN_UNDECLARED_SELECTOR = YES;
				GCC_WARN_UNINITIALIZED_AUTOS = YES_AGGRESSIVE;
				GCC_WARN_UNUSED_FUNCTION = YES;
				GCC_WARN_UNUSED_VARIABLE = YES;
				LOCALIZATION_PREFERS_STRING_CATALOGS = YES;
				MACOSX_DEPLOYMENT_TARGET = 14.1;
				MTL_ENABLE_DEBUG_INFO = NO;
				MTL_FAST_MATH = YES;
				SDKROOT = macosx;
				SWIFT_COMPILATION_MODE = wholemodule;
			};
			name = Release;
		};
		C76CDFBA2B2A77FA00523216 /* Debug */ = {
			isa = XCBuildConfiguration;
			buildSettings = {
				ASSETCATALOG_COMPILER_APPICON_NAME = AppIcon;
				ASSETCATALOG_COMPILER_GLOBAL_ACCENT_COLOR_NAME = AccentColor;
				CODE_SIGN_ENTITLEMENTS = "datadog-monitor/datadog_monitor.entitlements";
				CODE_SIGN_STYLE = Automatic;
				COMBINE_HIDPI_IMAGES = YES;
				CURRENT_PROJECT_VERSION = 1;
				DEVELOPMENT_ASSET_PATHS = "\"datadog-monitor/Preview Content\"";
				ENABLE_PREVIEWS = YES;
				GENERATE_INFOPLIST_FILE = YES;
				INFOPLIST_KEY_CFBundleDisplayName = "datadog-monitor";
				INFOPLIST_KEY_LSApplicationCategoryType = "public.app-category.developer-tools";
				INFOPLIST_KEY_LSUIElement = YES;
				INFOPLIST_KEY_NSHumanReadableCopyright = "";
				LD_RUNPATH_SEARCH_PATHS = (
					"$(inherited)",
					"@executable_path/../Frameworks",
				);
				MARKETING_VERSION = 1.0;
				PRODUCT_BUNDLE_IDENTIFIER = "eu.kloosterman.datadog-monitor";
				PRODUCT_NAME = "$(TARGET_NAME)";
				SWIFT_EMIT_LOC_STRINGS = YES;
				SWIFT_VERSION = 5.0;
			};
			name = Debug;
		};
		C76CDFBB2B2A77FA00523216 /* Release */ = {
			isa = XCBuildConfiguration;
			buildSettings = {
				ASSETCATALOG_COMPILER_APPICON_NAME = AppIcon;
				ASSETCATALOG_COMPILER_GLOBAL_ACCENT_COLOR_NAME = AccentColor;
				CODE_SIGN_ENTITLEMENTS = "datadog-monitor/datadog_monitor.entitlements";
				CODE_SIGN_STYLE = Automatic;
				COMBINE_HIDPI_IMAGES = YES;
				CURRENT_PROJECT_VERSION = 1;
				DEVELOPMENT_ASSET_PATHS = "\"datadog-monitor/Preview Content\"";
				ENABLE_PREVIEWS = YES;
				GENERATE_INFOPLIST_FILE = YES;
				INFOPLIST_KEY_CFBundleDisplayName = "datadog-monitor";
				INFOPLIST_KEY_LSApplicationCategoryType = "public.app-category.developer-tools";
				INFOPLIST_KEY_LSUIElement = YES;
				INFOPLIST_KEY_NSHumanReadableCopyright = "";
				LD_RUNPATH_SEARCH_PATHS = (
					"$(inherited)",
					"@executable_path/../Frameworks",
				);
				MARKETING_VERSION = 1.0;
				PRODUCT_BUNDLE_IDENTIFIER = "eu.kloosterman.datadog-monitor";
				PRODUCT_NAME = "$(TARGET_NAME)";
				SWIFT_EMIT_LOC_STRINGS = YES;
				SWIFT_VERSION = 5.0;
			};
			name = Release;
		};
/* End XCBuildConfiguration section */

/* Begin XCConfigurationList section */
		C76CDFA52B2A77F800523216 /* Build configuration list for PBXProject "datadog-monitor" */ = {
			isa = XCConfigurationList;
			buildConfigurations = (
				C76CDFB72B2A77FA00523216 /* Debug */,
				C76CDFB82B2A77FA00523216 /* Release */,
			);
			defaultConfigurationIsVisible = 0;
			defaultConfigurationName = Release;
		};
		C76CDFB92B2A77FA00523216 /* Build configuration list for PBXNativeTarget "datadog-monitor" */ = {
			isa = XCConfigurationList;
			buildConfigurations = (
				C76CDFBA2B2A77FA00523216 /* Debug */,
				C76CDFBB2B2A77FA00523216 /* Release */,
			);
			defaultConfigurationIsVisible = 0;
			defaultConfigurationName = Release;
		};
/* End XCConfigurationList section */
	};
	rootObject = C76CDFA22B2A77F800523216 /* Project object */;
}
